// !$*UTF8*$!
{
	archiveVersion = 1;
	classes = {
	};
	objectVersion = 46;
	objects = {

/* Begin PBXGroup section */
		EED5D637179EC4AD00D86C36 = {
			isa = PBXGroup;
			children = (
			);
			sourceTree = "<group>";
		};
/* End PBXGroup section */

/* Begin PBXProject section */
		EED5D638179EC4AD00D86C36 /* Project object */ = {
			isa = PBXProject;
			attributes = {
				LastUpgradeCheck = 0460;
			};
			buildConfigurationList = EED5D63B179EC4AD00D86C36 /* Build configuration list for PBXProject "Electron Microscopy" */;
			compatibilityVersion = "Xcode 3.2";
			developmentRegion = English;
			hasScannedForEncodings = 0;
			knownRegions = (
				en,
			);
			mainGroup = EED5D637179EC4AD00D86C36;
			projectDirPath = "";
			projectRoot = "";
			targets = (
			);
		};
/* End PBXProject section */

/* Begin XCBuildConfiguration section */
		EED5D63C179EC4AD00D86C36 /* Debug */ = {
			isa = XCBuildConfiguration;
			buildSettings = {
			};
			name = Debug;
		};
		EED5D63D179EC4AD00D86C36 /* Release */ = {
			isa = XCBuildConfiguration;
			buildSettings = {
			};
			name = Release;
		};
/* End XCBuildConfiguration section */

/* Begin XCConfigurationList section */
		EED5D63B179EC4AD00D86C36 /* Build configuration list for PBXProject "Electron Microscopy" */ = {
			isa = XCConfigurationList;
			buildConfigurations = (
				EED5D63C179EC4AD00D86C36 /* Debug */,
				EED5D63D179EC4AD00D86C36 /* Release */,
			);
			defaultConfigurationIsVisible = 0;
			defaultConfigurationName = Release;
		};
/* End XCConfigurationList section */
	};
	rootObject = EED5D638179EC4AD00D86C36 /* Project object */;
}
